{
  "name": "project-library-starter",
  "version": "1.0.0",
  "lockfileVersion": 1,
  "requires": true,
  "dependencies": {
    "pls-template": {
      "version": "0.0.1",
      "resolved": "https://registry.npmjs.org/pls-template/-/pls-template-0.0.1.tgz",
      "integrity": "sha512-PoaPtxGocE0xNiw/PT80NveA12vHr3yz21iQDvPD8wYsxiQ922bU4s+4AjBa1+UK+ncI42PyPJzVvkewKKkCuA=="
    }
  }
}
